// !$*UTF8*$!
{
	archiveVersion = 1;
	classes = {
	};
	objectVersion = 54;
	objects = {

/* Begin PBXBuildFile section */
		00570055A10FCBD8D16BDD33 /* ContentView.swift in Sources */ = {isa = PBXBuildFile; fileRef = 29E985B158F0B7ADD8C5F040 /* ContentView.swift */; };
		100000000000000000000001 /* KatakanaConverter.swift in Sources */ = {isa = PBXBuildFile; fileRef = 200000000000000000000001 /* KatakanaConverter.swift */; };
		100000000000000000000002 /* PokeAPIClient.swift in Sources */ = {isa = PBXBuildFile; fileRef = 200000000000000000000002 /* PokeAPIClient.swift */; };
		100000000000000000000003 /* PokemonData.swift in Sources */ = {isa = PBXBuildFile; fileRef = 200000000000000000000003 /* PokemonData.swift */; };
		100000000000000000000004 /* PokemonImageCache.swift in Sources */ = {isa = PBXBuildFile; fileRef = 200000000000000000000004 /* PokemonImageCache.swift */; };
		100000000000000000000005 /* PokemonDataTests.swift in Sources */ = {isa = PBXBuildFile; fileRef = 200000000000000000000005 /* PokemonDataTests.swift */; };
		100000000000000000000006 /* LearningProgress.swift in Sources */ = {isa = PBXBuildFile; fileRef = 200000000000000000000006 /* LearningProgress.swift */; };
		100000000000000000000007 /* KanjiVGCache.swift in Sources */ = {isa = PBXBuildFile; fileRef = 200000000000000000000007 /* KanjiVGCache.swift */; };
		5FDADC14501CFD1804454AF7 /* Assets.xcassets in Resources */ = {isa = PBXBuildFile; fileRef = 5D917AA35E42ED26847B6BB0 /* Assets.xcassets */; };
		779814B289C2C48CC0EDAE35 /* KanamonTests.swift in Sources */ = {isa = PBXBuildFile; fileRef = D58492E064E64E689038BCB2 /* KanamonTests.swift */; };
		9EB952128D9F7124E277A506 /* KanamonApp.swift in Sources */ = {isa = PBXBuildFile; fileRef = 68710977607E0CDF1AED0580 /* KanamonApp.swift */; };
		B27E4D1F6C35029A9F4B2201 /* AppDestination.swift in Sources */ = {isa = PBXBuildFile; fileRef = A17D3C0E5B24F1908E3A1101 /* AppDestination.swift */; };
		B27E4D1F6C35029A9F4B2202 /* HomeView.swift in Sources */ = {isa = PBXBuildFile; fileRef = A17D3C0E5B24F1908E3A1102 /* HomeView.swift */; };
		B27E4D1F6C35029A9F4B2203 /* PlaceholderView.swift in Sources */ = {isa = PBXBuildFile; fileRef = A17D3C0E5B24F1908E3A1103 /* PlaceholderView.swift */; };
		B27E4D1F6C35029A9F4B2204 /* HomeViewTests.swift in Sources */ = {isa = PBXBuildFile; fileRef = A17D3C0E5B24F1908E3A1104 /* HomeViewTests.swift */; };
		B27E4D1F6C35029A9F4B2205 /* SimilarKatakana.swift in Sources */ = {isa = PBXBuildFile; fileRef = A17D3C0E5B24F1908E3A1105 /* SimilarKatakana.swift */; };
		B27E4D1F6C35029A9F4B2206 /* SpeechSynthesizing.swift in Sources */ = {isa = PBXBuildFile; fileRef = A17D3C0E5B24F1908E3A1106 /* SpeechSynthesizing.swift */; };
		B27E4D1F6C35029A9F4B2207 /* YomiRenshuModel.swift in Sources */ = {isa = PBXBuildFile; fileRef = A17D3C0E5B24F1908E3A1107 /* YomiRenshuModel.swift */; };
		B27E4D1F6C35029A9F4B2208 /* YomiRenshuView.swift in Sources */ = {isa = PBXBuildFile; fileRef = A17D3C0E5B24F1908E3A1108 /* YomiRenshuView.swift */; };
		B27E4D1F6C35029A9F4B2209 /* YomiRenshuTests.swift in Sources */ = {isa = PBXBuildFile; fileRef = A17D3C0E5B24F1908E3A1109 /* YomiRenshuTests.swift */; };
/* End PBXBuildFile section */

/* Begin PBXContainerItemProxy section */
		5AE045CEF2CF8A02F0B720E2 /* PBXContainerItemProxy */ = {
			isa = PBXContainerItemProxy;
			containerPortal = EC52665C87C52E335363CA7B /* Project object */;
			proxyType = 1;
			remoteGlobalIDString = 0810E3127AE0D7D5FBC0DE25;
			remoteInfo = Kanamon;
		};
/* End PBXContainerItemProxy section */

/* Begin PBXFileReference section */
		1E86DE89B322B207DB20372B /* KanamonTests.xctest */ = {isa = PBXFileReference; includeInIndex = 0; lastKnownFileType = wrapper.cfbundle; path = KanamonTests.xctest; sourceTree = BUILT_PRODUCTS_DIR; };
		200000000000000000000001 /* KatakanaConverter.swift */ = {isa = PBXFileReference; lastKnownFileType = sourcecode.swift; path = KatakanaConverter.swift; sourceTree = "<group>"; };
		200000000000000000000002 /* PokeAPIClient.swift */ = {isa = PBXFileReference; lastKnownFileType = sourcecode.swift; path = PokeAPIClient.swift; sourceTree = "<group>"; };
		200000000000000000000003 /* PokemonData.swift */ = {isa = PBXFileReference; lastKnownFileType = sourcecode.swift; path = PokemonData.swift; sourceTree = "<group>"; };
		200000000000000000000004 /* PokemonImageCache.swift */ = {isa = PBXFileReference; lastKnownFileType = sourcecode.swift; path = PokemonImageCache.swift; sourceTree = "<group>"; };
		200000000000000000000005 /* PokemonDataTests.swift */ = {isa = PBXFileReference; lastKnownFileType = sourcecode.swift; path = PokemonDataTests.swift; sourceTree = "<group>"; };
		200000000000000000000006 /* LearningProgress.swift */ = {isa = PBXFileReference; lastKnownFileType = sourcecode.swift; path = LearningProgress.swift; sourceTree = "<group>"; };
		200000000000000000000007 /* KanjiVGCache.swift */ = {isa = PBXFileReference; lastKnownFileType = sourcecode.swift; path = KanjiVGCache.swift; sourceTree = "<group>"; };
		29E985B158F0B7ADD8C5F040 /* ContentView.swift */ = {isa = PBXFileReference; lastKnownFileType = sourcecode.swift; path = ContentView.swift; sourceTree = "<group>"; };
		5D917AA35E42ED26847B6BB0 /* Assets.xcassets */ = {isa = PBXFileReference; lastKnownFileType = folder.assetcatalog; path = Assets.xcassets; sourceTree = "<group>"; };
		68710977607E0CDF1AED0580 /* KanamonApp.swift */ = {isa = PBXFileReference; lastKnownFileType = sourcecode.swift; path = KanamonApp.swift; sourceTree = "<group>"; };
		ADC71EE683A45CE6284A18F8 /* Kanamon.app */ = {isa = PBXFileReference; includeInIndex = 0; lastKnownFileType = wrapper.application; path = Kanamon.app; sourceTree = BUILT_PRODUCTS_DIR; };
		D58492E064E64E689038BCB2 /* KanamonTests.swift */ = {isa = PBXFileReference; lastKnownFileType = sourcecode.swift; path = KanamonTests.swift; sourceTree = "<group>"; };
		A17D3C0E5B24F1908E3A1101 /* AppDestination.swift */ = {isa = PBXFileReference; lastKnownFileType = sourcecode.swift; path = AppDestination.swift; sourceTree = "<group>"; };
		A17D3C0E5B24F1908E3A1102 /* HomeView.swift */ = {isa = PBXFileReference; lastKnownFileType = sourcecode.swift; path = HomeView.swift; sourceTree = "<group>"; };
		A17D3C0E5B24F1908E3A1103 /* PlaceholderView.swift */ = {isa = PBXFileReference; lastKnownFileType = sourcecode.swift; path = PlaceholderView.swift; sourceTree = "<group>"; };
		A17D3C0E5B24F1908E3A1104 /* HomeViewTests.swift */ = {isa = PBXFileReference; lastKnownFileType = sourcecode.swift; path = HomeViewTests.swift; sourceTree = "<group>"; };
		A17D3C0E5B24F1908E3A1105 /* SimilarKatakana.swift */ = {isa = PBXFileReference; lastKnownFileType = sourcecode.swift; path = SimilarKatakana.swift; sourceTree = "<group>"; };
		A17D3C0E5B24F1908E3A1106 /* SpeechSynthesizing.swift */ = {isa = PBXFileReference; lastKnownFileType = sourcecode.swift; path = SpeechSynthesizing.swift; sourceTree = "<group>"; };
		A17D3C0E5B24F1908E3A1107 /* YomiRenshuModel.swift */ = {isa = PBXFileReference; lastKnownFileType = sourcecode.swift; path = YomiRenshuModel.swift; sourceTree = "<group>"; };
		A17D3C0E5B24F1908E3A1108 /* YomiRenshuView.swift */ = {isa = PBXFileReference; lastKnownFileType = sourcecode.swift; path = YomiRenshuView.swift; sourceTree = "<group>"; };
		A17D3C0E5B24F1908E3A1109 /* YomiRenshuTests.swift */ = {isa = PBXFileReference; lastKnownFileType = sourcecode.swift; path = YomiRenshuTests.swift; sourceTree = "<group>"; };
/* End PBXFileReference section */

/* Begin PBXGroup section */
		08D8223F378B52D45287CC8A /* Products */ = {
			isa = PBXGroup;
			children = (
				ADC71EE683A45CE6284A18F8 /* Kanamon.app */,
				1E86DE89B322B207DB20372B /* KanamonTests.xctest */,
			);
			name = Products;
			sourceTree = "<group>";
		};
		2C6F77118A36A3AEDF2C3331 = {
			isa = PBXGroup;
			children = (
				5743A2C60FC162E182BFC7EF /* Kanamon */,
				837F969EE52DCF8813E88CED /* KanamonTests */,
				08D8223F378B52D45287CC8A /* Products */,
			);
			sourceTree = "<group>";
		};
		5743A2C60FC162E182BFC7EF /* Kanamon */ = {
			isa = PBXGroup;
			children = (
				5D917AA35E42ED26847B6BB0 /* Assets.xcassets */,
				29E985B158F0B7ADD8C5F040 /* ContentView.swift */,
				200000000000000000000001 /* KatakanaConverter.swift */,
				200000000000000000000007 /* KanjiVGCache.swift */,
				200000000000000000000006 /* LearningProgress.swift */,
				68710977607E0CDF1AED0580 /* KanamonApp.swift */,
				200000000000000000000002 /* PokeAPIClient.swift */,
				200000000000000000000003 /* PokemonData.swift */,
				200000000000000000000004 /* PokemonImageCache.swift */,
				A17D3C0E5B24F1908E3A1101 /* AppDestination.swift */,
				A17D3C0E5B24F1908E3A1102 /* HomeView.swift */,
				A17D3C0E5B24F1908E3A1103 /* PlaceholderView.swift */,
				A17D3C0E5B24F1908E3A1105 /* SimilarKatakana.swift */,
				A17D3C0E5B24F1908E3A1106 /* SpeechSynthesizing.swift */,
				A17D3C0E5B24F1908E3A1107 /* YomiRenshuModel.swift */,
				A17D3C0E5B24F1908E3A1108 /* YomiRenshuView.swift */,
			);
			path = Kanamon;
			sourceTree = "<group>";
		};
		837F969EE52DCF8813E88CED /* KanamonTests */ = {
			isa = PBXGroup;
			children = (
				D58492E064E64E689038BCB2 /* KanamonTests.swift */,
				200000000000000000000005 /* PokemonDataTests.swift */,
				A17D3C0E5B24F1908E3A1104 /* HomeViewTests.swift */,
				A17D3C0E5B24F1908E3A1109 /* YomiRenshuTests.swift */,
			);
			path = KanamonTests;
			sourceTree = "<group>";
		};
/* End PBXGroup section */

/* Begin PBXNativeTarget section */
		0810E3127AE0D7D5FBC0DE25 /* Kanamon */ = {
			isa = PBXNativeTarget;
			buildConfigurationList = D5484823CFAD84841A13C85A /* Build configuration list for PBXNativeTarget "Kanamon" */;
			buildPhases = (
				E7A4E118BE72EF98AECE1084 /* Sources */,
				57A4095174326EE2D140D395 /* Resources */,
			);
			buildRules = (
			);
			dependencies = (
			);
			name = Kanamon;
			packageProductDependencies = (
			);
			productName = Kanamon;
			productReference = ADC71EE683A45CE6284A18F8 /* Kanamon.app */;
			productType = "com.apple.product-type.application";
		};
		4CAF7944FC416B54A8D80E8D /* KanamonTests */ = {
			isa = PBXNativeTarget;
			buildConfigurationList = 5208AD1AE86250CB32305652 /* Build configuration list for PBXNativeTarget "KanamonTests" */;
			buildPhases = (
				7055EDE1ECCE3F67E147F4A8 /* Sources */,
			);
			buildRules = (
			);
			dependencies = (
				DF24678571103434527F5C32 /* PBXTargetDependency */,
			);
			name = KanamonTests;
			packageProductDependencies = (
			);
			productName = KanamonTests;
			productReference = 1E86DE89B322B207DB20372B /* KanamonTests.xctest */;
			productType = "com.apple.product-type.bundle.unit-test";
		};
/* End PBXNativeTarget section */

/* Begin PBXProject section */
		EC52665C87C52E335363CA7B /* Project object */ = {
			isa = PBXProject;
			attributes = {
				BuildIndependentTargetsInParallel = YES;
				LastUpgradeCheck = 1430;
				TargetAttributes = {
					0810E3127AE0D7D5FBC0DE25 = {
						ProvisioningStyle = Automatic;
					};
					4CAF7944FC416B54A8D80E8D = {
						ProvisioningStyle = Automatic;
					};
				};
			};
			buildConfigurationList = 21D7C458967BAEB773DDD176 /* Build configuration list for PBXProject "Kanamon" */;
			compatibilityVersion = "Xcode 14.0";
			developmentRegion = ja;
			hasScannedForEncodings = 0;
			knownRegions = (
				Base,
				ja,
			);
			mainGroup = 2C6F77118A36A3AEDF2C3331;
			minimizedProjectReferenceProxies = 1;
			preferredProjectObjectVersion = 54;
			projectDirPath = "";
			projectRoot = "";
			targets = (
				0810E3127AE0D7D5FBC0DE25 /* Kanamon */,
				4CAF7944FC416B54A8D80E8D /* KanamonTests */,
			);
		};
/* End PBXProject section */

/* Begin PBXResourcesBuildPhase section */
		57A4095174326EE2D140D395 /* Resources */ = {
			isa = PBXResourcesBuildPhase;
			buildActionMask = 2147483647;
			files = (
				5FDADC14501CFD1804454AF7 /* Assets.xcassets in Resources */,
			);
			runOnlyForDeploymentPostprocessing = 0;
		};
/* End PBXResourcesBuildPhase section */

/* Begin PBXSourcesBuildPhase section */
		7055EDE1ECCE3F67E147F4A8 /* Sources */ = {
			isa = PBXSourcesBuildPhase;
			buildActionMask = 2147483647;
			files = (
				779814B289C2C48CC0EDAE35 /* KanamonTests.swift in Sources */,
				100000000000000000000005 /* PokemonDataTests.swift in Sources */,
				B27E4D1F6C35029A9F4B2204 /* HomeViewTests.swift in Sources */,
				B27E4D1F6C35029A9F4B2209 /* YomiRenshuTests.swift in Sources */,
			);
			runOnlyForDeploymentPostprocessing = 0;
		};
		E7A4E118BE72EF98AECE1084 /* Sources */ = {
			isa = PBXSourcesBuildPhase;
			buildActionMask = 2147483647;
			files = (
				00570055A10FCBD8D16BDD33 /* ContentView.swift in Sources */,
				100000000000000000000001 /* KatakanaConverter.swift in Sources */,
				100000000000000000000007 /* KanjiVGCache.swift in Sources */,
				100000000000000000000006 /* LearningProgress.swift in Sources */,
				9EB952128D9F7124E277A506 /* KanamonApp.swift in Sources */,
				100000000000000000000002 /* PokeAPIClient.swift in Sources */,
				100000000000000000000003 /* PokemonData.swift in Sources */,
				100000000000000000000004 /* PokemonImageCache.swift in Sources */,
				B27E4D1F6C35029A9F4B2201 /* AppDestination.swift in Sources */,
				B27E4D1F6C35029A9F4B2202 /* HomeView.swift in Sources */,
				B27E4D1F6C35029A9F4B2203 /* PlaceholderView.swift in Sources */,
				B27E4D1F6C35029A9F4B2205 /* SimilarKatakana.swift in Sources */,
				B27E4D1F6C35029A9F4B2206 /* SpeechSynthesizing.swift in Sources */,
				B27E4D1F6C35029A9F4B2207 /* YomiRenshuModel.swift in Sources */,
				B27E4D1F6C35029A9F4B2208 /* YomiRenshuView.swift in Sources */,
			);
			runOnlyForDeploymentPostprocessing = 0;
		};
/* End PBXSourcesBuildPhase section */

/* Begin PBXTargetDependency section */
		DF24678571103434527F5C32 /* PBXTargetDependency */ = {
			isa = PBXTargetDependency;
			target = 0810E3127AE0D7D5FBC0DE25 /* Kanamon */;
			targetProxy = 5AE045CEF2CF8A02F0B720E2 /* PBXContainerItemProxy */;
		};
/* End PBXTargetDependency section */

/* Begin XCBuildConfiguration section */
		4FFDA604A80EBF087A85321C /* Release */ = {
			isa = XCBuildConfiguration;
			buildSettings = {
				ALWAYS_SEARCH_USER_PATHS = NO;
				CLANG_ANALYZER_NONNULL = YES;
				CLANG_ANALYZER_NUMBER_OBJECT_CONVERSION = YES_AGGRESSIVE;
				CLANG_CXX_LANGUAGE_STANDARD = "gnu++14";
				CLANG_CXX_LIBRARY = "libc++";
				CLANG_ENABLE_MODULES = YES;
				CLANG_ENABLE_OBJC_ARC = YES;
				CLANG_ENABLE_OBJC_WEAK = YES;
				CLANG_WARN_BLOCK_CAPTURE_AUTORELEASING = YES;
				CLANG_WARN_BOOL_CONVERSION = YES;
				CLANG_WARN_COMMA = YES;
				CLANG_WARN_CONSTANT_CONVERSION = YES;
				CLANG_WARN_DEPRECATED_OBJC_IMPLEMENTATIONS = YES;
				CLANG_WARN_DIRECT_OBJC_ISA_USAGE = YES_ERROR;
				CLANG_WARN_DOCUMENTATION_COMMENTS = YES;
				CLANG_WARN_EMPTY_BODY = YES;
				CLANG_WARN_ENUM_CONVERSION = YES;
				CLANG_WARN_INFINITE_RECURSION = YES;
				CLANG_WARN_INT_CONVERSION = YES;
				CLANG_WARN_NON_LITERAL_NULL_CONVERSION = YES;
				CLANG_WARN_OBJC_IMPLICIT_RETAIN_SELF = YES;
				CLANG_WARN_OBJC_LITERAL_CONVERSION = YES;
				CLANG_WARN_OBJC_ROOT_CLASS = YES_ERROR;
				CLANG_WARN_QUOTED_INCLUDE_IN_FRAMEWORK_HEADER = YES;
				CLANG_WARN_RANGE_LOOP_ANALYSIS = YES;
				CLANG_WARN_STRICT_PROTOTYPES = YES;
				CLANG_WARN_SUSPICIOUS_MOVE = YES;
				CLANG_WARN_UNGUARDED_AVAILABILITY = YES_AGGRESSIVE;
				CLANG_WARN_UNREACHABLE_CODE = YES;
				CLANG_WARN__DUPLICATE_METHOD_MATCH = YES;
				CODE_SIGN_STYLE = Automatic;
				COPY_PHASE_STRIP = NO;
				DEBUG_INFORMATION_FORMAT = "dwarf-with-dsym";
				ENABLE_NS_ASSERTIONS = NO;
				ENABLE_STRICT_OBJC_MSGSEND = YES;
				GCC_C_LANGUAGE_STANDARD = gnu11;
				GCC_NO_COMMON_BLOCKS = YES;
				GCC_WARN_64_TO_32_BIT_CONVERSION = YES;
				GCC_WARN_ABOUT_RETURN_TYPE = YES_ERROR;
				GCC_WARN_UNDECLARED_SELECTOR = YES;
				GCC_WARN_UNINITIALIZED_AUTOS = YES_AGGRESSIVE;
				GCC_WARN_UNUSED_FUNCTION = YES;
				GCC_WARN_UNUSED_VARIABLE = YES;
				IPHONEOS_DEPLOYMENT_TARGET = 17.0;
				MTL_ENABLE_DEBUG_INFO = NO;
				MTL_FAST_MATH = YES;
				OTHER_LDFLAGS = (
					"$(inherited)",
					"-framework",
					AppIntents,
				);
				PRODUCT_NAME = "$(TARGET_NAME)";
				SDKROOT = iphoneos;
				SWIFT_COMPILATION_MODE = wholemodule;
				SWIFT_OPTIMIZATION_LEVEL = "-O";
				SWIFT_VERSION = 5.0;
			};
			name = Release;
		};
		7BC2405123159AA9A55ABFCC /* Debug */ = {
			isa = XCBuildConfiguration;
			buildSettings = {
				ALWAYS_SEARCH_USER_PATHS = NO;
				CLANG_ANALYZER_NONNULL = YES;
				CLANG_ANALYZER_NUMBER_OBJECT_CONVERSION = YES_AGGRESSIVE;
				CLANG_CXX_LANGUAGE_STANDARD = "gnu++14";
				CLANG_CXX_LIBRARY = "libc++";
				CLANG_ENABLE_MODULES = YES;
				CLANG_ENABLE_OBJC_ARC = YES;
				CLANG_ENABLE_OBJC_WEAK = YES;
				CLANG_WARN_BLOCK_CAPTURE_AUTORELEASING = YES;
				CLANG_WARN_BOOL_CONVERSION = YES;
				CLANG_WARN_COMMA = YES;
				CLANG_WARN_CONSTANT_CONVERSION = YES;
				CLANG_WARN_DEPRECATED_OBJC_IMPLEMENTATIONS = YES;
				CLANG_WARN_DIRECT_OBJC_ISA_USAGE = YES_ERROR;
				CLANG_WARN_DOCUMENTATION_COMMENTS = YES;
				CLANG_WARN_EMPTY_BODY = YES;
				CLANG_WARN_ENUM_CONVERSION = YES;
				CLANG_WARN_INFINITE_RECURSION = YES;
				CLANG_WARN_INT_CONVERSION = YES;
				CLANG_WARN_NON_LITERAL_NULL_CONVERSION = YES;
				CLANG_WARN_OBJC_IMPLICIT_RETAIN_SELF = YES;
				CLANG_WARN_OBJC_LITERAL_CONVERSION = YES;
				CLANG_WARN_OBJC_ROOT_CLASS = YES_ERROR;
				CLANG_WARN_QUOTED_INCLUDE_IN_FRAMEWORK_HEADER = YES;
				CLANG_WARN_RANGE_LOOP_ANALYSIS = YES;
				CLANG_WARN_STRICT_PROTOTYPES = YES;
				CLANG_WARN_SUSPICIOUS_MOVE = YES;
				CLANG_WARN_UNGUARDED_AVAILABILITY = YES_AGGRESSIVE;
				CLANG_WARN_UNREACHABLE_CODE = YES;
				CLANG_WARN__DUPLICATE_METHOD_MATCH = YES;
				CODE_SIGN_STYLE = Automatic;
				COPY_PHASE_STRIP = NO;
				DEBUG_INFORMATION_FORMAT = dwarf;
				ENABLE_STRICT_OBJC_MSGSEND = YES;
				ENABLE_TESTABILITY = YES;
				GCC_C_LANGUAGE_STANDARD = gnu11;
				GCC_DYNAMIC_NO_PIC = NO;
				GCC_NO_COMMON_BLOCKS = YES;
				GCC_OPTIMIZATION_LEVEL = 0;
				GCC_PREPROCESSOR_DEFINITIONS = (
					"$(inherited)",
					"DEBUG=1",
				);
				GCC_WARN_64_TO_32_BIT_CONVERSION = YES;
				GCC_WARN_ABOUT_RETURN_TYPE = YES_ERROR;
				GCC_WARN_UNDECLARED_SELECTOR = YES;
				GCC_WARN_UNINITIALIZED_AUTOS = YES_AGGRESSIVE;
				GCC_WARN_UNUSED_FUNCTION = YES;
				GCC_WARN_UNUSED_VARIABLE = YES;
				IPHONEOS_DEPLOYMENT_TARGET = 17.0;
				MTL_ENABLE_DEBUG_INFO = INCLUDE_SOURCE;
				MTL_FAST_MATH = YES;
				ONLY_ACTIVE_ARCH = YES;
				OTHER_LDFLAGS = (
					"$(inherited)",
					"-framework",
					AppIntents,
				);
				PRODUCT_NAME = "$(TARGET_NAME)";
				SDKROOT = iphoneos;
				SWIFT_ACTIVE_COMPILATION_CONDITIONS = DEBUG;
				SWIFT_OPTIMIZATION_LEVEL = "-Onone";
				SWIFT_VERSION = 5.0;
			};
			name = Debug;
		};
		7FBCF3553F0C5390364E2795 /* Debug */ = {
			isa = XCBuildConfiguration;
			buildSettings = {
				ASSETCATALOG_COMPILER_APPICON_NAME = AppIcon;
				ASSETCATALOG_COMPILER_GLOBAL_ACCENT_COLOR_NAME = AccentColor;
				CODE_SIGN_IDENTITY = "iPhone Developer";
				GENERATE_INFOPLIST_FILE = YES;
				INFOPLIST_KEY_CFBundleDisplayName = "カナモン";
				INFOPLIST_KEY_UIApplicationSceneManifest_Generation = YES;
				INFOPLIST_KEY_UIApplicationSupportsIndirectInputEvents = YES;
				INFOPLIST_KEY_UILaunchScreen_Generation = YES;
				INFOPLIST_KEY_UISupportedInterfaceOrientations = UIInterfaceOrientationPortrait;
				LD_RUNPATH_SEARCH_PATHS = (
					"$(inherited)",
					"@executable_path/Frameworks",
				);
				PRODUCT_BUNDLE_IDENTIFIER = com.bannzai.Kanamon;
				PRODUCT_NAME = Kanamon;
				SDKROOT = iphoneos;
				SWIFT_EMIT_LOC_STRINGS = YES;
				TARGETED_DEVICE_FAMILY = "1,2";
			};
			name = Debug;
		};
		D70FD03E2DEC7A2424206A7A /* Release */ = {
			isa = XCBuildConfiguration;
			buildSettings = {
				ASSETCATALOG_COMPILER_APPICON_NAME = AppIcon;
				ASSETCATALOG_COMPILER_GLOBAL_ACCENT_COLOR_NAME = AccentColor;
				CODE_SIGN_IDENTITY = "iPhone Developer";
				GENERATE_INFOPLIST_FILE = YES;
				INFOPLIST_KEY_CFBundleDisplayName = "カナモン";
				INFOPLIST_KEY_UIApplicationSceneManifest_Generation = YES;
				INFOPLIST_KEY_UIApplicationSupportsIndirectInputEvents = YES;
				INFOPLIST_KEY_UILaunchScreen_Generation = YES;
				INFOPLIST_KEY_UISupportedInterfaceOrientations = UIInterfaceOrientationPortrait;
				LD_RUNPATH_SEARCH_PATHS = (
					"$(inherited)",
					"@executable_path/Frameworks",
				);
				PRODUCT_BUNDLE_IDENTIFIER = com.bannzai.Kanamon;
				PRODUCT_NAME = Kanamon;
				SDKROOT = iphoneos;
				SWIFT_EMIT_LOC_STRINGS = YES;
				TARGETED_DEVICE_FAMILY = "1,2";
			};
			name = Release;
		};
		DBD1516306ADA8D3119487C0 /* Debug */ = {
			isa = XCBuildConfiguration;
			buildSettings = {
				BUNDLE_LOADER = "$(TEST_HOST)";
				GENERATE_INFOPLIST_FILE = YES;
				LD_RUNPATH_SEARCH_PATHS = (
					"$(inherited)",
					"@executable_path/Frameworks",
					"@loader_path/Frameworks",
				);
				PRODUCT_BUNDLE_IDENTIFIER = com.bannzai.KanamonTests;
				SDKROOT = iphoneos;
				TARGETED_DEVICE_FAMILY = "1,2";
				TEST_HOST = "$(BUILT_PRODUCTS_DIR)/Kanamon.app/Kanamon";
			};
			name = Debug;
		};
		E646C58931FA1369DCE05582 /* Release */ = {
			isa = XCBuildConfiguration;
			buildSettings = {
				BUNDLE_LOADER = "$(TEST_HOST)";
				GENERATE_INFOPLIST_FILE = YES;
				LD_RUNPATH_SEARCH_PATHS = (
					"$(inherited)",
					"@executable_path/Frameworks",
					"@loader_path/Frameworks",
				);
				PRODUCT_BUNDLE_IDENTIFIER = com.bannzai.KanamonTests;
				SDKROOT = iphoneos;
				TARGETED_DEVICE_FAMILY = "1,2";
				TEST_HOST = "$(BUILT_PRODUCTS_DIR)/Kanamon.app/Kanamon";
			};
			name = Release;
		};
/* End XCBuildConfiguration section */

/* Begin XCConfigurationList section */
		21D7C458967BAEB773DDD176 /* Build configuration list for PBXProject "Kanamon" */ = {
			isa = XCConfigurationList;
			buildConfigurations = (
				7BC2405123159AA9A55ABFCC /* Debug */,
				4FFDA604A80EBF087A85321C /* Release */,
			);
			defaultConfigurationIsVisible = 0;
			defaultConfigurationName = Debug;
		};
		5208AD1AE86250CB32305652 /* Build configuration list for PBXNativeTarget "KanamonTests" */ = {
			isa = XCConfigurationList;
			buildConfigurations = (
				DBD1516306ADA8D3119487C0 /* Debug */,
				E646C58931FA1369DCE05582 /* Release */,
			);
			defaultConfigurationIsVisible = 0;
			defaultConfigurationName = Debug;
		};
		D5484823CFAD84841A13C85A /* Build configuration list for PBXNativeTarget "Kanamon" */ = {
			isa = XCConfigurationList;
			buildConfigurations = (
				7FBCF3553F0C5390364E2795 /* Debug */,
				D70FD03E2DEC7A2424206A7A /* Release */,
			);
			defaultConfigurationIsVisible = 0;
			defaultConfigurationName = Debug;
		};
/* End XCConfigurationList section */
	};
	rootObject = EC52665C87C52E335363CA7B /* Project object */;
}
